
Microsoft Visual Studio Solution File, Format Version 12.00
# Visual Studio Version 16
VisualStudioVersion = 16.0.29613.14
MinimumVisualStudioVersion = 10.0.40219.1
Project("{FAE04EC0-301F-11D3-BF4B-00C04F79EFBC}") = "WpfApp1", "WpfApp1.csproj", "{9E04784C-6084-41CC-9303-FF5871B73856}"
EndProject
Global
	GlobalSection(SolutionConfigurationPlatforms) = preSolution
		Debug|Any CPU = Debug|Any CPU
		Release|Any CPU = Release|Any CPU
	EndGlobalSection
	GlobalSection(ProjectConfigurationPlatforms) = postSolution
		{9E04784C-6084-41CC-9303-FF5871B73856}.Debug|Any CPU.ActiveCfg = Debug|Any CPU
		{9E04784C-6084-41CC-9303-FF5871B73856}.Debug|Any CPU.Build.0 = Debug|Any CPU
		{9E04784C-6084-41CC-9303-FF5871B73856}.Release|Any CPU.ActiveCfg = Release|Any CPU
		{9E04784C-6084-41CC-9303-FF5871B73856}.Release|Any CPU.Build.0 = Release|Any CPU
	EndGlobalSection
	GlobalSection(SolutionProperties) = preSolution
		HideSolutionNode = FALSE
	EndGlobalSection
	GlobalSection(ExtensibilityGlobals) = postSolution
		SolutionGuid = {CAD1A3C8-01C0-41DB-A3BC-9C6BA3C91651}
	EndGlobalSection
EndGlobal
